// !$*UTF8*$!
{
	archiveVersion = 1;
	classes = {
	};
	objectVersion = 50;
	objects = {

/* Begin PBXBuildFile section */
		73DD3D7A97F463C2D131B796 /* Pods_Pics.framework in Frameworks */ = {isa = PBXBuildFile; fileRef = AE091D4F48BE66AAB47DE752 /* Pods_Pics.framework */; };
		D0EC40D12579C470003E39D5 /* DetailViewController.swift in Sources */ = {isa = PBXBuildFile; fileRef = D0EC40D02579C470003E39D5 /* DetailViewController.swift */; };
		D0F96A2525799D6E00612528 /* AppDelegate.swift in Sources */ = {isa = PBXBuildFile; fileRef = D0F96A2425799D6E00612528 /* AppDelegate.swift */; };
		D0F96A2A25799D6E00612528 /* Main.storyboard in Resources */ = {isa = PBXBuildFile; fileRef = D0F96A2825799D6E00612528 /* Main.storyboard */; };
		D0F96A2C25799D7100612528 /* Assets.xcassets in Resources */ = {isa = PBXBuildFile; fileRef = D0F96A2B25799D7100612528 /* Assets.xcassets */; };
		D0F96A2F25799D7200612528 /* LaunchScreen.storyboard in Resources */ = {isa = PBXBuildFile; fileRef = D0F96A2D25799D7200612528 /* LaunchScreen.storyboard */; };
		D0F96A3725799F6200612528 /* PicsTableViewController.swift in Sources */ = {isa = PBXBuildFile; fileRef = D0F96A3625799F6200612528 /* PicsTableViewController.swift */; };
		D0F96A3925799F7C00612528 /* PicsTableViewCell.swift in Sources */ = {isa = PBXBuildFile; fileRef = D0F96A3825799F7C00612528 /* PicsTableViewCell.swift */; };
		D0F96A3E25799FF100612528 /* PicsModel.swift in Sources */ = {isa = PBXBuildFile; fileRef = D0F96A3D25799FF100612528 /* PicsModel.swift */; };
/* End PBXBuildFile section */

/* Begin PBXFileReference section */
		AE091D4F48BE66AAB47DE752 /* Pods_Pics.framework */ = {isa = PBXFileReference; explicitFileType = wrapper.framework; includeInIndex = 0; path = Pods_Pics.framework; sourceTree = BUILT_PRODUCTS_DIR; };
		AE6CCB1D1586CE4253C7E774 /* Pods-Pics.release.xcconfig */ = {isa = PBXFileReference; includeInIndex = 1; lastKnownFileType = text.xcconfig; name = "Pods-Pics.release.xcconfig"; path = "Pods/Target Support Files/Pods-Pics/Pods-Pics.release.xcconfig"; sourceTree = "<group>"; };
		B960FD9F63A4D4225DC6B6C8 /* Pods-Pics.debug.xcconfig */ = {isa = PBXFileReference; includeInIndex = 1; lastKnownFileType = text.xcconfig; name = "Pods-Pics.debug.xcconfig"; path = "Pods/Target Support Files/Pods-Pics/Pods-Pics.debug.xcconfig"; sourceTree = "<group>"; };
		D0EC40D02579C470003E39D5 /* DetailViewController.swift */ = {isa = PBXFileReference; lastKnownFileType = sourcecode.swift; path = DetailViewController.swift; sourceTree = "<group>"; };
		D0F96A2125799D6E00612528 /* Pics.app */ = {isa = PBXFileReference; explicitFileType = wrapper.application; includeInIndex = 0; path = Pics.app; sourceTree = BUILT_PRODUCTS_DIR; };
		D0F96A2425799D6E00612528 /* AppDelegate.swift */ = {isa = PBXFileReference; lastKnownFileType = sourcecode.swift; path = AppDelegate.swift; sourceTree = "<group>"; };
		D0F96A2925799D6E00612528 /* Base */ = {isa = PBXFileReference; lastKnownFileType = file.storyboard; name = Base; path = Base.lproj/Main.storyboard; sourceTree = "<group>"; };
		D0F96A2B25799D7100612528 /* Assets.xcassets */ = {isa = PBXFileReference; lastKnownFileType = folder.assetcatalog; path = Assets.xcassets; sourceTree = "<group>"; };
		D0F96A2E25799D7200612528 /* Base */ = {isa = PBXFileReference; lastKnownFileType = file.storyboard; name = Base; path = Base.lproj/LaunchScreen.storyboard; sourceTree = "<group>"; };
		D0F96A3025799D7200612528 /* Info.plist */ = {isa = PBXFileReference; lastKnownFileType = text.plist.xml; path = Info.plist; sourceTree = "<group>"; };
		D0F96A3625799F6200612528 /* PicsTableViewController.swift */ = {isa = PBXFileReference; lastKnownFileType = sourcecode.swift; path = PicsTableViewController.swift; sourceTree = "<group>"; };
		D0F96A3825799F7C00612528 /* PicsTableViewCell.swift */ = {isa = PBXFileReference; lastKnownFileType = sourcecode.swift; path = PicsTableViewCell.swift; sourceTree = "<group>"; };
		D0F96A3D25799FF100612528 /* PicsModel.swift */ = {isa = PBXFileReference; lastKnownFileType = sourcecode.swift; path = PicsModel.swift; sourceTree = "<group>"; };
/* End PBXFileReference section */

/* Begin PBXFrameworksBuildPhase section */
		D0F96A1E25799D6E00612528 /* Frameworks */ = {
			isa = PBXFrameworksBuildPhase;
			buildActionMask = 2147483647;
			files = (
				73DD3D7A97F463C2D131B796 /* Pods_Pics.framework in Frameworks */,
			);
			runOnlyForDeploymentPostprocessing = 0;
		};
/* End PBXFrameworksBuildPhase section */

/* Begin PBXGroup section */
		448DC81C09CAFDE87616E31E /* Frameworks */ = {
			isa = PBXGroup;
			children = (
				AE091D4F48BE66AAB47DE752 /* Pods_Pics.framework */,
			);
			name = Frameworks;
			sourceTree = "<group>";
		};
		5F9CA165321ECA4348D3ACD0 /* Pods */ = {
			isa = PBXGroup;
			children = (
				B960FD9F63A4D4225DC6B6C8 /* Pods-Pics.debug.xcconfig */,
				AE6CCB1D1586CE4253C7E774 /* Pods-Pics.release.xcconfig */,
			);
			name = Pods;
			sourceTree = "<group>";
		};
		D0F96A1825799D6E00612528 = {
			isa = PBXGroup;
			children = (
				D0F96A2325799D6E00612528 /* Pics */,
				D0F96A2225799D6E00612528 /* Products */,
				5F9CA165321ECA4348D3ACD0 /* Pods */,
				448DC81C09CAFDE87616E31E /* Frameworks */,
			);
			sourceTree = "<group>";
		};
		D0F96A2225799D6E00612528 /* Products */ = {
			isa = PBXGroup;
			children = (
				D0F96A2125799D6E00612528 /* Pics.app */,
			);
			name = Products;
			sourceTree = "<group>";
		};
		D0F96A2325799D6E00612528 /* Pics */ = {
			isa = PBXGroup;
			children = (
				D0F96A2425799D6E00612528 /* AppDelegate.swift */,
				D0F96A3C25799FC800612528 /* View */,
				D0F96A3025799D7200612528 /* Info.plist */,
				D0F96A3B25799FAD00612528 /* Controller */,
				D0F96A3F2579A00600612528 /* Model */,
			);
			path = Pics;
			sourceTree = "<group>";
		};
		D0F96A3B25799FAD00612528 /* Controller */ = {
			isa = PBXGroup;
			children = (
				D0F96A3625799F6200612528 /* PicsTableViewController.swift */,
				D0F96A3825799F7C00612528 /* PicsTableViewCell.swift */,
				D0EC40D02579C470003E39D5 /* DetailViewController.swift */,
			);
			path = Controller;
			sourceTree = "<group>";
		};
		D0F96A3C25799FC800612528 /* View */ = {
			isa = PBXGroup;
			children = (
				D0F96A2825799D6E00612528 /* Main.storyboard */,
				D0F96A2B25799D7100612528 /* Assets.xcassets */,
				D0F96A2D25799D7200612528 /* LaunchScreen.storyboard */,
			);
			path = View;
			sourceTree = "<group>";
		};
		D0F96A3F2579A00600612528 /* Model */ = {
			isa = PBXGroup;
			children = (
				D0F96A3D25799FF100612528 /* PicsModel.swift */,
			);
			path = Model;
			sourceTree = "<group>";
		};
/* End PBXGroup section */

/* Begin PBXNativeTarget section */
		D0F96A2025799D6E00612528 /* Pics */ = {
			isa = PBXNativeTarget;
			buildConfigurationList = D0F96A3325799D7200612528 /* Build configuration list for PBXNativeTarget "Pics" */;
			buildPhases = (
				050F05531C19E022C43FD0AA /* [CP] Check Pods Manifest.lock */,
				D0F96A1D25799D6E00612528 /* Sources */,
				D0F96A1E25799D6E00612528 /* Frameworks */,
				D0F96A1F25799D6E00612528 /* Resources */,
				4DBF4739365C0E2F64F56158 /* [CP] Embed Pods Frameworks */,
			);
			buildRules = (
			);
			dependencies = (
			);
			name = Pics;
			productName = Pics;
			productReference = D0F96A2125799D6E00612528 /* Pics.app */;
			productType = "com.apple.product-type.application";
		};
/* End PBXNativeTarget section */

/* Begin PBXProject section */
		D0F96A1925799D6E00612528 /* Project object */ = {
			isa = PBXProject;
			attributes = {
				LastSwiftUpdateCheck = 1030;
				LastUpgradeCheck = 1030;
				ORGANIZATIONNAME = Summer;
				TargetAttributes = {
					D0F96A2025799D6E00612528 = {
						CreatedOnToolsVersion = 10.3;
					};
				};
			};
			buildConfigurationList = D0F96A1C25799D6E00612528 /* Build configuration list for PBXProject "Pics" */;
			compatibilityVersion = "Xcode 9.3";
			developmentRegion = en;
			hasScannedForEncodings = 0;
			knownRegions = (
				en,
				Base,
			);
			mainGroup = D0F96A1825799D6E00612528;
			productRefGroup = D0F96A2225799D6E00612528 /* Products */;
			projectDirPath = "";
			projectRoot = "";
			targets = (
				D0F96A2025799D6E00612528 /* Pics */,
			);
		};
/* End PBXProject section */

/* Begin PBXResourcesBuildPhase section */
		D0F96A1F25799D6E00612528 /* Resources */ = {
			isa = PBXResourcesBuildPhase;
			buildActionMask = 2147483647;
			files = (
				D0F96A2F25799D7200612528 /* LaunchScreen.storyboard in Resources */,
				D0F96A2C25799D7100612528 /* Assets.xcassets in Resources */,
				D0F96A2A25799D6E00612528 /* Main.storyboard in Resources */,
			);
			runOnlyForDeploymentPostprocessing = 0;
		};
/* End PBXResourcesBuildPhase section */

/* Begin PBXShellScriptBuildPhase section */
		050F05531C19E022C43FD0AA /* [CP] Check Pods Manifest.lock */ = {
			isa = PBXShellScriptBuildPhase;
			buildActionMask = 2147483647;
			files = (
			);
			inputPaths = (
				"${PODS_PODFILE_DIR_PATH}/Podfile.lock",
				"${PODS_ROOT}/Manifest.lock",
			);
			name = "[CP] Check Pods Manifest.lock";
			outputPaths = (
				"$(DERIVED_FILE_DIR)/Pods-Pics-checkManifestLockResult.txt",
			);
			runOnlyForDeploymentPostprocessing = 0;
			shellPath = /bin/sh;
			shellScript = "diff \"${PODS_PODFILE_DIR_PATH}/Podfile.lock\" \"${PODS_ROOT}/Manifest.lock\" > /dev/null\nif [ $? != 0 ] ; then\n    # print error to STDERR\n    echo \"error: The sandbox is not in sync with the Podfile.lock. Run 'pod install' or update your CocoaPods installation.\" >&2\n    exit 1\nfi\n# This output is used by Xcode 'outputs' to avoid re-running this script phase.\necho \"SUCCESS\" > \"${SCRIPT_OUTPUT_FILE_0}\"\n";
			showEnvVarsInLog = 0;
		};
		4DBF4739365C0E2F64F56158 /* [CP] Embed Pods Frameworks */ = {
			isa = PBXShellScriptBuildPhase;
			buildActionMask = 2147483647;
			files = (
			);
			inputPaths = (
				"${SRCROOT}/Pods/Target Support Files/Pods-Pics/Pods-Pics-frameworks.sh",
				"${BUILT_PRODUCTS_DIR}/Alamofire/Alamofire.framework",
				"${BUILT_PRODUCTS_DIR}/AlamofireImage/AlamofireImage.framework",
				"${BUILT_PRODUCTS_DIR}/SwiftyJSON/SwiftyJSON.framework",
			);
			name = "[CP] Embed Pods Frameworks";
			outputPaths = (
				"${TARGET_BUILD_DIR}/${FRAMEWORKS_FOLDER_PATH}/Alamofire.framework",
				"${TARGET_BUILD_DIR}/${FRAMEWORKS_FOLDER_PATH}/AlamofireImage.framework",
				"${TARGET_BUILD_DIR}/${FRAMEWORKS_FOLDER_PATH}/SwiftyJSON.framework",
			);
			runOnlyForDeploymentPostprocessing = 0;
			shellPath = /bin/sh;
			shellScript = "\"${SRCROOT}/Pods/Target Support Files/Pods-Pics/Pods-Pics-frameworks.sh\"\n";
			showEnvVarsInLog = 0;
		};
/* End PBXShellScriptBuildPhase section */

/* Begin PBXSourcesBuildPhase section */
		D0F96A1D25799D6E00612528 /* Sources */ = {
			isa = PBXSourcesBuildPhase;
			buildActionMask = 2147483647;
			files = (
				D0F96A3725799F6200612528 /* PicsTableViewController.swift in Sources */,
				D0F96A3925799F7C00612528 /* PicsTableViewCell.swift in Sources */,
				D0EC40D12579C470003E39D5 /* DetailViewController.swift in Sources */,
				D0F96A3E25799FF100612528 /* PicsModel.swift in Sources */,
				D0F96A2525799D6E00612528 /* AppDelegate.swift in Sources */,
			);
			runOnlyForDeploymentPostprocessing = 0;
		};
/* End PBXSourcesBuildPhase section */

/* Begin PBXVariantGroup section */
		D0F96A2825799D6E00612528 /* Main.storyboard */ = {
			isa = PBXVariantGroup;
			children = (
				D0F96A2925799D6E00612528 /* Base */,
			);
			name = Main.storyboard;
			sourceTree = "<group>";
		};
		D0F96A2D25799D7200612528 /* LaunchScreen.storyboard */ = {
			isa = PBXVariantGroup;
			children = (
				D0F96A2E25799D7200612528 /* Base */,
			);
			name = LaunchScreen.storyboard;
			sourceTree = "<group>";
		};
/* End PBXVariantGroup section */

/* Begin XCBuildConfiguration section */
		D0F96A3125799D7200612528 /* Debug */ = {
			isa = XCBuildConfiguration;
			buildSettings = {
				ALWAYS_SEARCH_USER_PATHS = NO;
				CLANG_ANALYZER_NONNULL = YES;
				CLANG_ANALYZER_NUMBER_OBJECT_CONVERSION = YES_AGGRESSIVE;
				CLANG_CXX_LANGUAGE_STANDARD = "gnu++14";
				CLANG_CXX_LIBRARY = "libc++";
				CLANG_ENABLE_MODULES = YES;
				CLANG_ENABLE_OBJC_ARC = YES;
				CLANG_ENABLE_OBJC_WEAK = YES;
				CLANG_WARN_BLOCK_CAPTURE_AUTORELEASING = YES;
				CLANG_WARN_BOOL_CONVERSION = YES;
				CLANG_WARN_COMMA = YES;
				CLANG_WARN_CONSTANT_CONVERSION = YES;
				CLANG_WARN_DEPRECATED_OBJC_IMPLEMENTATIONS = YES;
				CLANG_WARN_DIRECT_OBJC_ISA_USAGE = YES_ERROR;
				CLANG_WARN_DOCUMENTATION_COMMENTS = YES;
				CLANG_WARN_EMPTY_BODY = YES;
				CLANG_WARN_ENUM_CONVERSION = YES;
				CLANG_WARN_INFINITE_RECURSION = YES;
				CLANG_WARN_INT_CONVERSION = YES;
				CLANG_WARN_NON_LITERAL_NULL_CONVERSION = YES;
				CLANG_WARN_OBJC_IMPLICIT_RETAIN_SELF = YES;
				CLANG_WARN_OBJC_LITERAL_CONVERSION = YES;
				CLANG_WARN_OBJC_ROOT_CLASS = YES_ERROR;
				CLANG_WARN_RANGE_LOOP_ANALYSIS = YES;
				CLANG_WARN_STRICT_PROTOTYPES = YES;
				CLANG_WARN_SUSPICIOUS_MOVE = YES;
				CLANG_WARN_UNGUARDED_AVAILABILITY = YES_AGGRESSIVE;
				CLANG_WARN_UNREACHABLE_CODE = YES;
				CLANG_WARN__DUPLICATE_METHOD_MATCH = YES;
				CODE_SIGN_IDENTITY = "iPhone Developer";
				COPY_PHASE_STRIP = NO;
				DEBUG_INFORMATION_FORMAT = dwarf;
				ENABLE_STRICT_OBJC_MSGSEND = YES;
				ENABLE_TESTABILITY = YES;
				GCC_C_LANGUAGE_STANDARD = gnu11;
				GCC_DYNAMIC_NO_PIC = NO;
				GCC_NO_COMMON_BLOCKS = YES;
				GCC_OPTIMIZATION_LEVEL = 0;
				GCC_PREPROCESSOR_DEFINITIONS = (
					"DEBUG=1",
					"$(inherited)",
				);
				GCC_WARN_64_TO_32_BIT_CONVERSION = YES;
				GCC_WARN_ABOUT_RETURN_TYPE = YES_ERROR;
				GCC_WARN_UNDECLARED_SELECTOR = YES;
				GCC_WARN_UNINITIALIZED_AUTOS = YES_AGGRESSIVE;
				GCC_WARN_UNUSED_FUNCTION = YES;
				GCC_WARN_UNUSED_VARIABLE = YES;
				IPHONEOS_DEPLOYMENT_TARGET = 12.4;
				MTL_ENABLE_DEBUG_INFO = INCLUDE_SOURCE;
				MTL_FAST_MATH = YES;
				ONLY_ACTIVE_ARCH = YES;
				SDKROOT = iphoneos;
				SWIFT_ACTIVE_COMPILATION_CONDITIONS = DEBUG;
				SWIFT_OPTIMIZATION_LEVEL = "-Onone";
			};
			name = Debug;
		};
		D0F96A3225799D7200612528 /* Release */ = {
			isa = XCBuildConfiguration;
			buildSettings = {
				ALWAYS_SEARCH_USER_PATHS = NO;
				CLANG_ANALYZER_NONNULL = YES;
				CLANG_ANALYZER_NUMBER_OBJECT_CONVERSION = YES_AGGRESSIVE;
				CLANG_CXX_LANGUAGE_STANDARD = "gnu++14";
				CLANG_CXX_LIBRARY = "libc++";
				CLANG_ENABLE_MODULES = YES;
				CLANG_ENABLE_OBJC_ARC = YES;
				CLANG_ENABLE_OBJC_WEAK = YES;
				CLANG_WARN_BLOCK_CAPTURE_AUTORELEASING = YES;
				CLANG_WARN_BOOL_CONVERSION = YES;
				CLANG_WARN_COMMA = YES;
				CLANG_WARN_CONSTANT_CONVERSION = YES;
				CLANG_WARN_DEPRECATED_OBJC_IMPLEMENTATIONS = YES;
				CLANG_WARN_DIRECT_OBJC_ISA_USAGE = YES_ERROR;
				CLANG_WARN_DOCUMENTATION_COMMENTS = YES;
				CLANG_WARN_EMPTY_BODY = YES;
				CLANG_WARN_ENUM_CONVERSION = YES;
				CLANG_WARN_INFINITE_RECURSION = YES;
				CLANG_WARN_INT_CONVERSION = YES;
				CLANG_WARN_NON_LITERAL_NULL_CONVERSION = YES;
				CLANG_WARN_OBJC_IMPLICIT_RETAIN_SELF = YES;
				CLANG_WARN_OBJC_LITERAL_CONVERSION = YES;
				CLANG_WARN_OBJC_ROOT_CLASS = YES_ERROR;
				CLANG_WARN_RANGE_LOOP_ANALYSIS = YES;
				CLANG_WARN_STRICT_PROTOTYPES = YES;
				CLANG_WARN_SUSPICIOUS_MOVE = YES;
				CLANG_WARN_UNGUARDED_AVAILABILITY = YES_AGGRESSIVE;
				CLANG_WARN_UNREACHABLE_CODE = YES;
				CLANG_WARN__DUPLICATE_METHOD_MATCH = YES;
				CODE_SIGN_IDENTITY = "iPhone Developer";
				COPY_PHASE_STRIP = NO;
				DEBUG_INFORMATION_FORMAT = "dwarf-with-dsym";
				ENABLE_NS_ASSERTIONS = NO;
				ENABLE_STRICT_OBJC_MSGSEND = YES;
				GCC_C_LANGUAGE_STANDARD = gnu11;
				GCC_NO_COMMON_BLOCKS = YES;
				GCC_WARN_64_TO_32_BIT_CONVERSION = YES;
				GCC_WARN_ABOUT_RETURN_TYPE = YES_ERROR;
				GCC_WARN_UNDECLARED_SELECTOR = YES;
				GCC_WARN_UNINITIALIZED_AUTOS = YES_AGGRESSIVE;
				GCC_WARN_UNUSED_FUNCTION = YES;
				GCC_WARN_UNUSED_VARIABLE = YES;
				IPHONEOS_DEPLOYMENT_TARGET = 12.4;
				MTL_ENABLE_DEBUG_INFO = NO;
				MTL_FAST_MATH = YES;
				SDKROOT = iphoneos;
				SWIFT_COMPILATION_MODE = wholemodule;
				SWIFT_OPTIMIZATION_LEVEL = "-O";
				VALIDATE_PRODUCT = YES;
			};
			name = Release;
		};
		D0F96A3425799D7200612528 /* Debug */ = {
			isa = XCBuildConfiguration;
			baseConfigurationReference = B960FD9F63A4D4225DC6B6C8 /* Pods-Pics.debug.xcconfig */;
			buildSettings = {
				ASSETCATALOG_COMPILER_APPICON_NAME = AppIcon;
				CODE_SIGN_STYLE = Automatic;
				DEVELOPMENT_TEAM = DTYAB5ULA4;
				INFOPLIST_FILE = Pics/Info.plist;
				LD_RUNPATH_SEARCH_PATHS = (
					"$(inherited)",
					"@executable_path/Frameworks",
				);
				PRODUCT_BUNDLE_IDENTIFIER = Summer.Pics;
				PRODUCT_NAME = "$(TARGET_NAME)";
				SWIFT_VERSION = 5.0;
				TARGETED_DEVICE_FAMILY = "1,2";
			};
			name = Debug;
		};
		D0F96A3525799D7200612528 /* Release */ = {
			isa = XCBuildConfiguration;
			baseConfigurationReference = AE6CCB1D1586CE4253C7E774 /* Pods-Pics.release.xcconfig */;
			buildSettings = {
				ASSETCATALOG_COMPILER_APPICON_NAME = AppIcon;
				CODE_SIGN_STYLE = Automatic;
				DEVELOPMENT_TEAM = DTYAB5ULA4;
				INFOPLIST_FILE = Pics/Info.plist;
				LD_RUNPATH_SEARCH_PATHS = (
					"$(inherited)",
					"@executable_path/Frameworks",
				);
				PRODUCT_BUNDLE_IDENTIFIER = Summer.Pics;
				PRODUCT_NAME = "$(TARGET_NAME)";
				SWIFT_VERSION = 5.0;
				TARGETED_DEVICE_FAMILY = "1,2";
			};
			name = Release;
		};
/* End XCBuildConfiguration section */

/* Begin XCConfigurationList section */
		D0F96A1C25799D6E00612528 /* Build configuration list for PBXProject "Pics" */ = {
			isa = XCConfigurationList;
			buildConfigurations = (
				D0F96A3125799D7200612528 /* Debug */,
				D0F96A3225799D7200612528 /* Release */,
			);
			defaultConfigurationIsVisible = 0;
			defaultConfigurationName = Release;
		};
		D0F96A3325799D7200612528 /* Build configuration list for PBXNativeTarget "Pics" */ = {
			isa = XCConfigurationList;
			buildConfigurations = (
				D0F96A3425799D7200612528 /* Debug */,
				D0F96A3525799D7200612528 /* Release */,
			);
			defaultConfigurationIsVisible = 0;
			defaultConfigurationName = Release;
		};
/* End XCConfigurationList section */
	};
	rootObject = D0F96A1925799D6E00612528 /* Project object */;
}
